
Microsoft Visual Studio Solution File, Format Version 12.00
Project("{FAE04EC0-301F-11D3-BF4B-00C04F79EFBC}") = "Client", "Client\Client.csproj", "{31193399-107C-4E66-9631-DE9924AB16C6}"
EndProject
Global
	GlobalSection(SolutionConfigurationPlatforms) = preSolution
		Debug|Any CPU = Debug|Any CPU
		Release|Any CPU = Release|Any CPU
	EndGlobalSection
	GlobalSection(ProjectConfigurationPlatforms) = postSolution
		{31193399-107C-4E66-9631-DE9924AB16C6}.Debug|Any CPU.ActiveCfg = Debug|Any CPU
		{31193399-107C-4E66-9631-DE9924AB16C6}.Debug|Any CPU.Build.0 = Debug|Any CPU
		{31193399-107C-4E66-9631-DE9924AB16C6}.Release|Any CPU.ActiveCfg = Release|Any CPU
		{31193399-107C-4E66-9631-DE9924AB16C6}.Release|Any CPU.Build.0 = Release|Any CPU
	EndGlobalSection
EndGlobal
